
Microsoft Visual Studio Solution File, Format Version 12.00
# Visual Studio Version 16
VisualStudioVersion = 16.0.30907.101
MinimumVisualStudioVersion = 10.0.40219.1
Project("{FAE04EC0-301F-11D3-BF4B-00C04F79EFBC}") = "Strange Numbers", "Strange Numbers.csproj", "{928DB65F-CE2F-469F-839E-59F4C65CA6D7}"
EndProject
Global
	GlobalSection(SolutionConfigurationPlatforms) = preSolution
		Debug|Any CPU = Debug|Any CPU
		Release|Any CPU = Release|Any CPU
	EndGlobalSection
	GlobalSection(ProjectConfigurationPlatforms) = postSolution
		{928DB65F-CE2F-469F-839E-59F4C65CA6D7}.Debug|Any CPU.ActiveCfg = Debug|Any CPU
		{928DB65F-CE2F-469F-839E-59F4C65CA6D7}.Debug|Any CPU.Build.0 = Debug|Any CPU
		{928DB65F-CE2F-469F-839E-59F4C65CA6D7}.Release|Any CPU.ActiveCfg = Release|Any CPU
		{928DB65F-CE2F-469F-839E-59F4C65CA6D7}.Release|Any CPU.Build.0 = Release|Any CPU
	EndGlobalSection
	GlobalSection(SolutionProperties) = preSolution
		HideSolutionNode = FALSE
	EndGlobalSection
	GlobalSection(ExtensibilityGlobals) = postSolution
		SolutionGuid = {CE902A6E-7EAC-4584-9C37-E6B44EC2BDD4}
	EndGlobalSection
EndGlobal
